
Microsoft Visual Studio Solution File, Format Version 12.00
# Visual Studio Version 17
VisualStudioVersion = 17.1.32210.238
MinimumVisualStudioVersion = 10.0.40219.1
Project("{FAE04EC0-301F-11D3-BF4B-00C04F79EFBC}") = "Chat", "Chat\Chat.csproj", "{A2CF5F41-5F2A-4A35-BEE3-38655FFCB50C}"
EndProject
Global
	GlobalSection(SolutionConfigurationPlatforms) = preSolution
		Debug|Any CPU = Debug|Any CPU
		Release|Any CPU = Release|Any CPU
	EndGlobalSection
	GlobalSection(ProjectConfigurationPlatforms) = postSolution
		{A2CF5F41-5F2A-4A35-BEE3-38655FFCB50C}.Debug|Any CPU.ActiveCfg = Debug|Any CPU
		{A2CF5F41-5F2A-4A35-BEE3-38655FFCB50C}.Debug|Any CPU.Build.0 = Debug|Any CPU
		{A2CF5F41-5F2A-4A35-BEE3-38655FFCB50C}.Release|Any CPU.ActiveCfg = Release|Any CPU
		{A2CF5F41-5F2A-4A35-BEE3-38655FFCB50C}.Release|Any CPU.Build.0 = Release|Any CPU
	EndGlobalSection
	GlobalSection(SolutionProperties) = preSolution
		HideSolutionNode = FALSE
	EndGlobalSection
	GlobalSection(ExtensibilityGlobals) = postSolution
		SolutionGuid = {45342FBE-BF35-4C89-9DA8-008243431D73}
	EndGlobalSection
EndGlobal
